
Microsoft Visual Studio Solution File, Format Version 12.00
# Visual Studio 15
VisualStudioVersion = 15.0.28010.2046
MinimumVisualStudioVersion = 10.0.40219.1
Project("{FAE04EC0-301F-11D3-BF4B-00C04F79EFBC}") = "BethysPieShop", "BethysPieShop\BethysPieShop.csproj", "{F1C4C0B9-7BD0-4E12-BF42-54510E992049}"
EndProject
Global
	GlobalSection(SolutionConfigurationPlatforms) = preSolution
		Debug|Any CPU = Debug|Any CPU
		Release|Any CPU = Release|Any CPU
	EndGlobalSection
	GlobalSection(ProjectConfigurationPlatforms) = postSolution
		{F1C4C0B9-7BD0-4E12-BF42-54510E992049}.Debug|Any CPU.ActiveCfg = Debug|Any CPU
		{F1C4C0B9-7BD0-4E12-BF42-54510E992049}.Debug|Any CPU.Build.0 = Debug|Any CPU
		{F1C4C0B9-7BD0-4E12-BF42-54510E992049}.Release|Any CPU.ActiveCfg = Release|Any CPU
		{F1C4C0B9-7BD0-4E12-BF42-54510E992049}.Release|Any CPU.Build.0 = Release|Any CPU
	EndGlobalSection
	GlobalSection(SolutionProperties) = preSolution
		HideSolutionNode = FALSE
	EndGlobalSection
	GlobalSection(ExtensibilityGlobals) = postSolution
		SolutionGuid = {ADF62BE3-1689-48E4-B4AA-1A6BEB98386E}
	EndGlobalSection
EndGlobal
